
Microsoft Visual Studio Solution File, Format Version 12.00
# Visual Studio Version 16
VisualStudioVersion = 16.0.33130.400
MinimumVisualStudioVersion = 10.0.40219.1
Project("{FAE04EC0-301F-11D3-BF4B-00C04F79EFBC}") = "CreateJWT_Test1", "CreateJWT_Test1\CreateJWT_Test1.csproj", "{C0B0E0CA-5872-4F85-BCDB-EEFC87C203B0}"
EndProject
Global
	GlobalSection(SolutionConfigurationPlatforms) = preSolution
		Debug|Any CPU = Debug|Any CPU
		Release|Any CPU = Release|Any CPU
	EndGlobalSection
	GlobalSection(ProjectConfigurationPlatforms) = postSolution
		{C0B0E0CA-5872-4F85-BCDB-EEFC87C203B0}.Debug|Any CPU.ActiveCfg = Debug|Any CPU
		{C0B0E0CA-5872-4F85-BCDB-EEFC87C203B0}.Debug|Any CPU.Build.0 = Debug|Any CPU
		{C0B0E0CA-5872-4F85-BCDB-EEFC87C203B0}.Release|Any CPU.ActiveCfg = Release|Any CPU
		{C0B0E0CA-5872-4F85-BCDB-EEFC87C203B0}.Release|Any CPU.Build.0 = Release|Any CPU
	EndGlobalSection
	GlobalSection(SolutionProperties) = preSolution
		HideSolutionNode = FALSE
	EndGlobalSection
	GlobalSection(ExtensibilityGlobals) = postSolution
		SolutionGuid = {0B5E4596-F91A-4D87-B9CE-861868DC38E2}
	EndGlobalSection
EndGlobal
